
Microsoft Visual Studio Solution File, Format Version 12.00
# Visual Studio Version 16
VisualStudioVersion = 16.0.29403.142
MinimumVisualStudioVersion = 10.0.40219.1
Project("{FAE04EC0-301F-11D3-BF4B-00C04F79EFBC}") = "TestFody", "TestFody\TestFody.csproj", "{9E5DA90D-C801-426B-ABE5-682513567160}"
EndProject
Project("{FAE04EC0-301F-11D3-BF4B-00C04F79EFBC}") = "Weaver", "Weaver\Weaver.csproj", "{B1AFA179-50B8-48F4-B3C1-842E22C154DE}"
EndProject
Project("{FAE04EC0-301F-11D3-BF4B-00C04F79EFBC}") = "Lib", "Lib\Lib.csproj", "{9BE207DD-4599-406B-9C9D-0130C7317668}"
EndProject
Project("{FAE04EC0-301F-11D3-BF4B-00C04F79EFBC}") = "LibWeaver.Fody", "LibWeaver.Fody\LibWeaver.Fody.csproj", "{32D9DBC8-43CF-4AA3-92D0-44C76E736993}"
EndProject
Project("{FAE04EC0-301F-11D3-BF4B-00C04F79EFBC}") = "TestAdhocWeavedAssembly", "TestAdhocWeavedAssembly\TestAdhocWeavedAssembly.csproj", "{F492C44D-5343-48FA-B735-7BBFBAF2A3B7}"
EndProject
Global
	GlobalSection(SolutionConfigurationPlatforms) = preSolution
		Debug|Any CPU = Debug|Any CPU
		Release|Any CPU = Release|Any CPU
	EndGlobalSection
	GlobalSection(ProjectConfigurationPlatforms) = postSolution
		{9E5DA90D-C801-426B-ABE5-682513567160}.Debug|Any CPU.ActiveCfg = Debug|Any CPU
		{9E5DA90D-C801-426B-ABE5-682513567160}.Debug|Any CPU.Build.0 = Debug|Any CPU
		{9E5DA90D-C801-426B-ABE5-682513567160}.Release|Any CPU.ActiveCfg = Release|Any CPU
		{9E5DA90D-C801-426B-ABE5-682513567160}.Release|Any CPU.Build.0 = Release|Any CPU
		{B1AFA179-50B8-48F4-B3C1-842E22C154DE}.Debug|Any CPU.ActiveCfg = Debug|Any CPU
		{B1AFA179-50B8-48F4-B3C1-842E22C154DE}.Debug|Any CPU.Build.0 = Debug|Any CPU
		{B1AFA179-50B8-48F4-B3C1-842E22C154DE}.Release|Any CPU.ActiveCfg = Release|Any CPU
		{B1AFA179-50B8-48F4-B3C1-842E22C154DE}.Release|Any CPU.Build.0 = Release|Any CPU
		{9BE207DD-4599-406B-9C9D-0130C7317668}.Debug|Any CPU.ActiveCfg = Debug|Any CPU
		{9BE207DD-4599-406B-9C9D-0130C7317668}.Debug|Any CPU.Build.0 = Debug|Any CPU
		{9BE207DD-4599-406B-9C9D-0130C7317668}.Release|Any CPU.ActiveCfg = Release|Any CPU
		{9BE207DD-4599-406B-9C9D-0130C7317668}.Release|Any CPU.Build.0 = Release|Any CPU
		{32D9DBC8-43CF-4AA3-92D0-44C76E736993}.Debug|Any CPU.ActiveCfg = Debug|Any CPU
		{32D9DBC8-43CF-4AA3-92D0-44C76E736993}.Debug|Any CPU.Build.0 = Debug|Any CPU
		{32D9DBC8-43CF-4AA3-92D0-44C76E736993}.Release|Any CPU.ActiveCfg = Release|Any CPU
		{32D9DBC8-43CF-4AA3-92D0-44C76E736993}.Release|Any CPU.Build.0 = Release|Any CPU
		{F492C44D-5343-48FA-B735-7BBFBAF2A3B7}.Debug|Any CPU.ActiveCfg = Debug|Any CPU
		{F492C44D-5343-48FA-B735-7BBFBAF2A3B7}.Debug|Any CPU.Build.0 = Debug|Any CPU
		{F492C44D-5343-48FA-B735-7BBFBAF2A3B7}.Release|Any CPU.ActiveCfg = Release|Any CPU
		{F492C44D-5343-48FA-B735-7BBFBAF2A3B7}.Release|Any CPU.Build.0 = Release|Any CPU
	EndGlobalSection
	GlobalSection(SolutionProperties) = preSolution
		HideSolutionNode = FALSE
	EndGlobalSection
	GlobalSection(ExtensibilityGlobals) = postSolution
		SolutionGuid = {E198ABFB-0956-41B4-8DC0-32014C50BB32}
	EndGlobalSection
EndGlobal
